
Microsoft Visual Studio Solution File, Format Version 12.00
# Visual Studio Version 17
VisualStudioVersion = 17.12.35527.113 d17.12
MinimumVisualStudioVersion = 10.0.40219.1
Project("{FAE04EC0-301F-11D3-BF4B-00C04F79EFBC}") = "AoC.Day1", "AoC.Day1.csproj", "{9FF30C81-F23B-4B05-9E1F-207399F0288C}"
EndProject
Global
	GlobalSection(SolutionConfigurationPlatforms) = preSolution
		Debug|Any CPU = Debug|Any CPU
		Release|Any CPU = Release|Any CPU
	EndGlobalSection
	GlobalSection(ProjectConfigurationPlatforms) = postSolution
		{9FF30C81-F23B-4B05-9E1F-207399F0288C}.Debug|Any CPU.ActiveCfg = Debug|Any CPU
		{9FF30C81-F23B-4B05-9E1F-207399F0288C}.Debug|Any CPU.Build.0 = Debug|Any CPU
		{9FF30C81-F23B-4B05-9E1F-207399F0288C}.Release|Any CPU.ActiveCfg = Release|Any CPU
		{9FF30C81-F23B-4B05-9E1F-207399F0288C}.Release|Any CPU.Build.0 = Release|Any CPU
	EndGlobalSection
	GlobalSection(SolutionProperties) = preSolution
		HideSolutionNode = FALSE
	EndGlobalSection
EndGlobal
